
Microsoft Visual Studio Solution File, Format Version 12.00
# Visual Studio Version 17
VisualStudioVersion = 17.13.35931.197 d17.13
MinimumVisualStudioVersion = 10.0.40219.1
Project("{FAE04EC0-301F-11D3-BF4B-00C04F79EFBC}") = "GeoTrack.API", "GeoTrack.API.csproj", "{B3D2A181-6DCF-444D-916C-E188DED38A35}"
EndProject
Project("{FAE04EC0-301F-11D3-BF4B-00C04F79EFBC}") = "GeoTrack.API.Domain", "..\GeoTrack.API.Domain\GeoTrack.API.Domain.csproj", "{690EEB35-9CF9-4A7E-A22B-FF72470CF94F}"
EndProject
Project("{FAE04EC0-301F-11D3-BF4B-00C04F79EFBC}") = "GeoTrack.API.Infrastructure", "..\GeoTrack.API.Infraestructure\GeoTrack.API.Infrastructure.csproj", "{5E9D3778-EBDC-4A72-9088-3CA1350C0607}"
EndProject
Project("{FAE04EC0-301F-11D3-BF4B-00C04F79EFBC}") = "GeoTrack.API.Shared", "..\GeoTrack.API.Shared\GeoTrack.API.Shared.csproj", "{CC959811-7C55-4DC8-AD0A-38B9E54F6E33}"
EndProject
Project("{FAE04EC0-301F-11D3-BF4B-00C04F79EFBC}") = "GeoTrack.API.Util", "..\GeoTrack.API.Util\GeoTrack.API.Util.csproj", "{87ABC683-654D-4CA0-9B2A-F6BAA49FC4DB}"
EndProject
Global
	GlobalSection(SolutionConfigurationPlatforms) = preSolution
		Debug|Any CPU = Debug|Any CPU
		Release|Any CPU = Release|Any CPU
	EndGlobalSection
	GlobalSection(ProjectConfigurationPlatforms) = postSolution
		{B3D2A181-6DCF-444D-916C-E188DED38A35}.Debug|Any CPU.ActiveCfg = Debug|Any CPU
		{B3D2A181-6DCF-444D-916C-E188DED38A35}.Debug|Any CPU.Build.0 = Debug|Any CPU
		{B3D2A181-6DCF-444D-916C-E188DED38A35}.Release|Any CPU.ActiveCfg = Release|Any CPU
		{B3D2A181-6DCF-444D-916C-E188DED38A35}.Release|Any CPU.Build.0 = Release|Any CPU
		{690EEB35-9CF9-4A7E-A22B-FF72470CF94F}.Debug|Any CPU.ActiveCfg = Debug|Any CPU
		{690EEB35-9CF9-4A7E-A22B-FF72470CF94F}.Debug|Any CPU.Build.0 = Debug|Any CPU
		{690EEB35-9CF9-4A7E-A22B-FF72470CF94F}.Release|Any CPU.ActiveCfg = Release|Any CPU
		{690EEB35-9CF9-4A7E-A22B-FF72470CF94F}.Release|Any CPU.Build.0 = Release|Any CPU
		{5E9D3778-EBDC-4A72-9088-3CA1350C0607}.Debug|Any CPU.ActiveCfg = Debug|Any CPU
		{5E9D3778-EBDC-4A72-9088-3CA1350C0607}.Debug|Any CPU.Build.0 = Debug|Any CPU
		{5E9D3778-EBDC-4A72-9088-3CA1350C0607}.Release|Any CPU.ActiveCfg = Release|Any CPU
		{5E9D3778-EBDC-4A72-9088-3CA1350C0607}.Release|Any CPU.Build.0 = Release|Any CPU
		{CC959811-7C55-4DC8-AD0A-38B9E54F6E33}.Debug|Any CPU.ActiveCfg = Debug|Any CPU
		{CC959811-7C55-4DC8-AD0A-38B9E54F6E33}.Debug|Any CPU.Build.0 = Debug|Any CPU
		{CC959811-7C55-4DC8-AD0A-38B9E54F6E33}.Release|Any CPU.ActiveCfg = Release|Any CPU
		{CC959811-7C55-4DC8-AD0A-38B9E54F6E33}.Release|Any CPU.Build.0 = Release|Any CPU
		{87ABC683-654D-4CA0-9B2A-F6BAA49FC4DB}.Debug|Any CPU.ActiveCfg = Debug|Any CPU
		{87ABC683-654D-4CA0-9B2A-F6BAA49FC4DB}.Debug|Any CPU.Build.0 = Debug|Any CPU
		{87ABC683-654D-4CA0-9B2A-F6BAA49FC4DB}.Release|Any CPU.ActiveCfg = Release|Any CPU
		{87ABC683-654D-4CA0-9B2A-F6BAA49FC4DB}.Release|Any CPU.Build.0 = Release|Any CPU
	EndGlobalSection
	GlobalSection(SolutionProperties) = preSolution
		HideSolutionNode = FALSE
	EndGlobalSection
	GlobalSection(ExtensibilityGlobals) = postSolution
		SolutionGuid = {EB796E14-2B71-4412-8C95-B42BE2ED023E}
	EndGlobalSection
EndGlobal
